name: Condominio App - QA Lock

on:
  push:
    branches:
      - Condominio_App-1.0-test
  pull_request:
    branches:
      - Condominio_App-1.0-test
  workflow_dispatch:

permissions:
  contents: read

jobs:
  regression-lock:
    runs-on: ubuntu-latest
    steps:
      - name: Checkout full history
        uses: actions/checkout@v4
        with:
          fetch-depth: 0
      - name: Test source order
        run: node qa/test-source-order.mjs
      - name: Test ordinary multi-unit association
        run: node qa/test-ordinary-multiunit-association.mjs
      - name: Test V1 operational focus
        run: node qa/test-v1-focus.mjs
      - name: Test real message selection
        run: node qa/test-message-selection-real.mjs
      - name: Test folder title from Drive
        run: node qa/test-folder-title.mjs
      - name: Test unit contact identity
        run: node qa/test-unit-contact-identity.mjs
      - name: Test data safety MutationObserver loop guard
        run: node qa/test-data-safety-loop-guard.mjs
      - name: Test Drive full refresh transaction V2 rollback baseline
        run: node qa/test-drive-full-refresh.mjs
      - name: Test Drive full refresh V3 safety matrix
        run: node qa/test-drive-full-refresh-v3.mjs
      - name: Test official Drive source rules V3
        run: node qa/test-source-rules-v3.mjs
      - name: Test runtime self-check integration
        run: node qa/test-v1-self-check.mjs
      - name: Test V1 deep completeness check
        run: node qa/test-v1-deep-check.mjs
      - name: Verify protected behavior and change authorization
        run: node qa/verify-protected-behavior.mjs
